// !$*UTF8*$!
{
	archiveVersion = 1;
	classes = {
	};
	objectVersion = 48;
	objects = {

/* Begin PBXBuildFile section */
		F571B7A32039356C00614BB7 /* LeagueViewController.swift in Sources */ = {isa = PBXBuildFile; fileRef = F571B7A22039356C00614BB7 /* LeagueViewController.swift */; };
		F571B7A52039358A00614BB7 /* SkillViewController.swift in Sources */ = {isa = PBXBuildFile; fileRef = F571B7A42039358A00614BB7 /* SkillViewController.swift */; };
		F5F9D778202FE2E30014479B /* AppDelegate.swift in Sources */ = {isa = PBXBuildFile; fileRef = F5F9D777202FE2E30014479B /* AppDelegate.swift */; };
		F5F9D77A202FE2E30014479B /* WelcomeViewController.swift in Sources */ = {isa = PBXBuildFile; fileRef = F5F9D779202FE2E30014479B /* WelcomeViewController.swift */; };
		F5F9D77D202FE2E30014479B /* Main.storyboard in Resources */ = {isa = PBXBuildFile; fileRef = F5F9D77B202FE2E30014479B /* Main.storyboard */; };
		F5F9D77F202FE2E30014479B /* Assets.xcassets in Resources */ = {isa = PBXBuildFile; fileRef = F5F9D77E202FE2E30014479B /* Assets.xcassets */; };
		F5F9D782202FE2E30014479B /* LaunchScreen.storyboard in Resources */ = {isa = PBXBuildFile; fileRef = F5F9D780202FE2E30014479B /* LaunchScreen.storyboard */; };
		F5F9D78B202FEBDA0014479B /* BorderButton.swift in Sources */ = {isa = PBXBuildFile; fileRef = F5F9D78A202FEBDA0014479B /* BorderButton.swift */; };
/* End PBXBuildFile section */

/* Begin PBXFileReference section */
		F571B7A22039356C00614BB7 /* LeagueViewController.swift */ = {isa = PBXFileReference; lastKnownFileType = sourcecode.swift; path = LeagueViewController.swift; sourceTree = "<group>"; };
		F571B7A42039358A00614BB7 /* SkillViewController.swift */ = {isa = PBXFileReference; lastKnownFileType = sourcecode.swift; path = SkillViewController.swift; sourceTree = "<group>"; };
		F5F9D774202FE2E30014479B /* Swoosh.app */ = {isa = PBXFileReference; explicitFileType = wrapper.application; includeInIndex = 0; path = Swoosh.app; sourceTree = BUILT_PRODUCTS_DIR; };
		F5F9D777202FE2E30014479B /* AppDelegate.swift */ = {isa = PBXFileReference; lastKnownFileType = sourcecode.swift; path = AppDelegate.swift; sourceTree = "<group>"; };
		F5F9D779202FE2E30014479B /* WelcomeViewController.swift */ = {isa = PBXFileReference; lastKnownFileType = sourcecode.swift; path = WelcomeViewController.swift; sourceTree = "<group>"; };
		F5F9D77C202FE2E30014479B /* Base */ = {isa = PBXFileReference; lastKnownFileType = file.storyboard; name = Base; path = Base.lproj/Main.storyboard; sourceTree = "<group>"; };
		F5F9D77E202FE2E30014479B /* Assets.xcassets */ = {isa = PBXFileReference; lastKnownFileType = folder.assetcatalog; path = Assets.xcassets; sourceTree = "<group>"; };
		F5F9D781202FE2E30014479B /* Base */ = {isa = PBXFileReference; lastKnownFileType = file.storyboard; name = Base; path = Base.lproj/LaunchScreen.storyboard; sourceTree = "<group>"; };
		F5F9D783202FE2E30014479B /* Info.plist */ = {isa = PBXFileReference; lastKnownFileType = text.plist.xml; path = Info.plist; sourceTree = "<group>"; };
		F5F9D78A202FEBDA0014479B /* BorderButton.swift */ = {isa = PBXFileReference; lastKnownFileType = sourcecode.swift; path = BorderButton.swift; sourceTree = "<group>"; };
/* End PBXFileReference section */

/* Begin PBXFrameworksBuildPhase section */
		F5F9D771202FE2E30014479B /* Frameworks */ = {
			isa = PBXFrameworksBuildPhase;
			buildActionMask = 2147483647;
			files = (
			);
			runOnlyForDeploymentPostprocessing = 0;
		};
/* End PBXFrameworksBuildPhase section */

/* Begin PBXGroup section */
		F571B79E2039344300614BB7 /* Controller */ = {
			isa = PBXGroup;
			children = (
				F5F9D779202FE2E30014479B /* WelcomeViewController.swift */,
				F571B7A22039356C00614BB7 /* LeagueViewController.swift */,
				F571B7A42039358A00614BB7 /* SkillViewController.swift */,
			);
			path = Controller;
			sourceTree = "<group>";
		};
		F571B79F2039344E00614BB7 /* Model */ = {
			isa = PBXGroup;
			children = (
			);
			path = Model;
			sourceTree = "<group>";
		};
		F5F9D76B202FE2E30014479B = {
			isa = PBXGroup;
			children = (
				F5F9D776202FE2E30014479B /* Swoosh */,
				F5F9D775202FE2E30014479B /* Products */,
			);
			sourceTree = "<group>";
		};
		F5F9D775202FE2E30014479B /* Products */ = {
			isa = PBXGroup;
			children = (
				F5F9D774202FE2E30014479B /* Swoosh.app */,
			);
			name = Products;
			sourceTree = "<group>";
		};
		F5F9D776202FE2E30014479B /* Swoosh */ = {
			isa = PBXGroup;
			children = (
				F571B79F2039344E00614BB7 /* Model */,
				F571B79E2039344300614BB7 /* Controller */,
				F5F9D789202FEB090014479B /* View */,
				F5F9D777202FE2E30014479B /* AppDelegate.swift */,
				F5F9D77B202FE2E30014479B /* Main.storyboard */,
				F5F9D77E202FE2E30014479B /* Assets.xcassets */,
				F5F9D780202FE2E30014479B /* LaunchScreen.storyboard */,
				F5F9D783202FE2E30014479B /* Info.plist */,
			);
			path = Swoosh;
			sourceTree = "<group>";
		};
		F5F9D789202FEB090014479B /* View */ = {
			isa = PBXGroup;
			children = (
				F5F9D78A202FEBDA0014479B /* BorderButton.swift */,
			);
			path = View;
			sourceTree = "<group>";
		};
/* End PBXGroup section */

/* Begin PBXNativeTarget section */
		F5F9D773202FE2E30014479B /* Swoosh */ = {
			isa = PBXNativeTarget;
			buildConfigurationList = F5F9D786202FE2E30014479B /* Build configuration list for PBXNativeTarget "Swoosh" */;
			buildPhases = (
				F5F9D770202FE2E30014479B /* Sources */,
				F5F9D771202FE2E30014479B /* Frameworks */,
				F5F9D772202FE2E30014479B /* Resources */,
			);
			buildRules = (
			);
			dependencies = (
			);
			name = Swoosh;
			productName = Swoosh;
			productReference = F5F9D774202FE2E30014479B /* Swoosh.app */;
			productType = "com.apple.product-type.application";
		};
/* End PBXNativeTarget section */

/* Begin PBXProject section */
		F5F9D76C202FE2E30014479B /* Project object */ = {
			isa = PBXProject;
			attributes = {
				LastSwiftUpdateCheck = 0920;
				LastUpgradeCheck = 0920;
				ORGANIZATIONNAME = iOSDevStudio;
				TargetAttributes = {
					F5F9D773202FE2E30014479B = {
						CreatedOnToolsVersion = 9.2;
						ProvisioningStyle = Automatic;
					};
				};
			};
			buildConfigurationList = F5F9D76F202FE2E30014479B /* Build configuration list for PBXProject "Swoosh" */;
			compatibilityVersion = "Xcode 8.0";
			developmentRegion = en;
			hasScannedForEncodings = 0;
			knownRegions = (
				en,
				Base,
			);
			mainGroup = F5F9D76B202FE2E30014479B;
			productRefGroup = F5F9D775202FE2E30014479B /* Products */;
			projectDirPath = "";
			projectRoot = "";
			targets = (
				F5F9D773202FE2E30014479B /* Swoosh */,
			);
		};
/* End PBXProject section */

/* Begin PBXResourcesBuildPhase section */
		F5F9D772202FE2E30014479B /* Resources */ = {
			isa = PBXResourcesBuildPhase;
			buildActionMask = 2147483647;
			files = (
				F5F9D782202FE2E30014479B /* LaunchScreen.storyboard in Resources */,
				F5F9D77F202FE2E30014479B /* Assets.xcassets in Resources */,
				F5F9D77D202FE2E30014479B /* Main.storyboard in Resources */,
			);
			runOnlyForDeploymentPostprocessing = 0;
		};
/* End PBXResourcesBuildPhase section */

/* Begin PBXSourcesBuildPhase section */
		F5F9D770202FE2E30014479B /* Sources */ = {
			isa = PBXSourcesBuildPhase;
			buildActionMask = 2147483647;
			files = (
				F5F9D77A202FE2E30014479B /* WelcomeViewController.swift in Sources */,
				F5F9D778202FE2E30014479B /* AppDelegate.swift in Sources */,
				F571B7A52039358A00614BB7 /* SkillViewController.swift in Sources */,
				F5F9D78B202FEBDA0014479B /* BorderButton.swift in Sources */,
				F571B7A32039356C00614BB7 /* LeagueViewController.swift in Sources */,
			);
			runOnlyForDeploymentPostprocessing = 0;
		};
/* End PBXSourcesBuildPhase section */

/* Begin PBXVariantGroup section */
		F5F9D77B202FE2E30014479B /* Main.storyboard */ = {
			isa = PBXVariantGroup;
			children = (
				F5F9D77C202FE2E30014479B /* Base */,
			);
			name = Main.storyboard;
			sourceTree = "<group>";
		};
		F5F9D780202FE2E30014479B /* LaunchScreen.storyboard */ = {
			isa = PBXVariantGroup;
			children = (
				F5F9D781202FE2E30014479B /* Base */,
			);
			name = LaunchScreen.storyboard;
			sourceTree = "<group>";
		};
/* End PBXVariantGroup section */

/* Begin XCBuildConfiguration section */
		F5F9D784202FE2E30014479B /* Debug */ = {
			isa = XCBuildConfiguration;
			buildSettings = {
				ALWAYS_SEARCH_USER_PATHS = NO;
				CLANG_ANALYZER_NONNULL = YES;
				CLANG_ANALYZER_NUMBER_OBJECT_CONVERSION = YES_AGGRESSIVE;
				CLANG_CXX_LANGUAGE_STANDARD = "gnu++14";
				CLANG_CXX_LIBRARY = "libc++";
				CLANG_ENABLE_MODULES = YES;
				CLANG_ENABLE_OBJC_ARC = YES;
				CLANG_WARN_BLOCK_CAPTURE_AUTORELEASING = YES;
				CLANG_WARN_BOOL_CONVERSION = YES;
				CLANG_WARN_COMMA = YES;
				CLANG_WARN_CONSTANT_CONVERSION = YES;
				CLANG_WARN_DIRECT_OBJC_ISA_USAGE = YES_ERROR;
				CLANG_WARN_DOCUMENTATION_COMMENTS = YES;
				CLANG_WARN_EMPTY_BODY = YES;
				CLANG_WARN_ENUM_CONVERSION = YES;
				CLANG_WARN_INFINITE_RECURSION = YES;
				CLANG_WARN_INT_CONVERSION = YES;
				CLANG_WARN_NON_LITERAL_NULL_CONVERSION = YES;
				CLANG_WARN_OBJC_LITERAL_CONVERSION = YES;
				CLANG_WARN_OBJC_ROOT_CLASS = YES_ERROR;
				CLANG_WARN_RANGE_LOOP_ANALYSIS = YES;
				CLANG_WARN_STRICT_PROTOTYPES = YES;
				CLANG_WARN_SUSPICIOUS_MOVE = YES;
				CLANG_WARN_UNGUARDED_AVAILABILITY = YES_AGGRESSIVE;
				CLANG_WARN_UNREACHABLE_CODE = YES;
				CLANG_WARN__DUPLICATE_METHOD_MATCH = YES;
				CODE_SIGN_IDENTITY = "iPhone Developer";
				COPY_PHASE_STRIP = NO;
				DEBUG_INFORMATION_FORMAT = dwarf;
				ENABLE_STRICT_OBJC_MSGSEND = YES;
				ENABLE_TESTABILITY = YES;
				GCC_C_LANGUAGE_STANDARD = gnu11;
				GCC_DYNAMIC_NO_PIC = NO;
				GCC_NO_COMMON_BLOCKS = YES;
				GCC_OPTIMIZATION_LEVEL = 0;
				GCC_PREPROCESSOR_DEFINITIONS = (
					"DEBUG=1",
					"$(inherited)",
				);
				GCC_WARN_64_TO_32_BIT_CONVERSION = YES;
				GCC_WARN_ABOUT_RETURN_TYPE = YES_ERROR;
				GCC_WARN_UNDECLARED_SELECTOR = YES;
				GCC_WARN_UNINITIALIZED_AUTOS = YES_AGGRESSIVE;
				GCC_WARN_UNUSED_FUNCTION = YES;
				GCC_WARN_UNUSED_VARIABLE = YES;
				IPHONEOS_DEPLOYMENT_TARGET = 11.2;
				MTL_ENABLE_DEBUG_INFO = YES;
				ONLY_ACTIVE_ARCH = YES;
				SDKROOT = iphoneos;
				SWIFT_ACTIVE_COMPILATION_CONDITIONS = DEBUG;
				SWIFT_OPTIMIZATION_LEVEL = "-Onone";
			};
			name = Debug;
		};
		F5F9D785202FE2E30014479B /* Release */ = {
			isa = XCBuildConfiguration;
			buildSettings = {
				ALWAYS_SEARCH_USER_PATHS = NO;
				CLANG_ANALYZER_NONNULL = YES;
				CLANG_ANALYZER_NUMBER_OBJECT_CONVERSION = YES_AGGRESSIVE;
				CLANG_CXX_LANGUAGE_STANDARD = "gnu++14";
				CLANG_CXX_LIBRARY = "libc++";
				CLANG_ENABLE_MODULES = YES;
				CLANG_ENABLE_OBJC_ARC = YES;
				CLANG_WARN_BLOCK_CAPTURE_AUTORELEASING = YES;
				CLANG_WARN_BOOL_CONVERSION = YES;
				CLANG_WARN_COMMA = YES;
				CLANG_WARN_CONSTANT_CONVERSION = YES;
				CLANG_WARN_DIRECT_OBJC_ISA_USAGE = YES_ERROR;
				CLANG_WARN_DOCUMENTATION_COMMENTS = YES;
				CLANG_WARN_EMPTY_BODY = YES;
				CLANG_WARN_ENUM_CONVERSION = YES;
				CLANG_WARN_INFINITE_RECURSION = YES;
				CLANG_WARN_INT_CONVERSION = YES;
				CLANG_WARN_NON_LITERAL_NULL_CONVERSION = YES;
				CLANG_WARN_OBJC_LITERAL_CONVERSION = YES;
				CLANG_WARN_OBJC_ROOT_CLASS = YES_ERROR;
				CLANG_WARN_RANGE_LOOP_ANALYSIS = YES;
				CLANG_WARN_STRICT_PROTOTYPES = YES;
				CLANG_WARN_SUSPICIOUS_MOVE = YES;
				CLANG_WARN_UNGUARDED_AVAILABILITY = YES_AGGRESSIVE;
				CLANG_WARN_UNREACHABLE_CODE = YES;
				CLANG_WARN__DUPLICATE_METHOD_MATCH = YES;
				CODE_SIGN_IDENTITY = "iPhone Developer";
				COPY_PHASE_STRIP = NO;
				DEBUG_INFORMATION_FORMAT = "dwarf-with-dsym";
				ENABLE_NS_ASSERTIONS = NO;
				ENABLE_STRICT_OBJC_MSGSEND = YES;
				GCC_C_LANGUAGE_STANDARD = gnu11;
				GCC_NO_COMMON_BLOCKS = YES;
				GCC_WARN_64_TO_32_BIT_CONVERSION = YES;
				GCC_WARN_ABOUT_RETURN_TYPE = YES_ERROR;
				GCC_WARN_UNDECLARED_SELECTOR = YES;
				GCC_WARN_UNINITIALIZED_AUTOS = YES_AGGRESSIVE;
				GCC_WARN_UNUSED_FUNCTION = YES;
				GCC_WARN_UNUSED_VARIABLE = YES;
				IPHONEOS_DEPLOYMENT_TARGET = 11.2;
				MTL_ENABLE_DEBUG_INFO = NO;
				SDKROOT = iphoneos;
				SWIFT_OPTIMIZATION_LEVEL = "-Owholemodule";
				VALIDATE_PRODUCT = YES;
			};
			name = Release;
		};
		F5F9D787202FE2E30014479B /* Debug */ = {
			isa = XCBuildConfiguration;
			buildSettings = {
				ASSETCATALOG_COMPILER_APPICON_NAME = AppIcon;
				CODE_SIGN_STYLE = Automatic;
				DEVELOPMENT_TEAM = L5MEY32333;
				INFOPLIST_FILE = Swoosh/Info.plist;
				LD_RUNPATH_SEARCH_PATHS = "$(inherited) @executable_path/Frameworks";
				PRODUCT_BUNDLE_IDENTIFIER = com.iosdevstudio.Swoosh;
				PRODUCT_NAME = "$(TARGET_NAME)";
				SWIFT_VERSION = 4.0;
				TARGETED_DEVICE_FAMILY = "1,2";
			};
			name = Debug;
		};
		F5F9D788202FE2E30014479B /* Release */ = {
			isa = XCBuildConfiguration;
			buildSettings = {
				ASSETCATALOG_COMPILER_APPICON_NAME = AppIcon;
				CODE_SIGN_STYLE = Automatic;
				DEVELOPMENT_TEAM = L5MEY32333;
				INFOPLIST_FILE = Swoosh/Info.plist;
				LD_RUNPATH_SEARCH_PATHS = "$(inherited) @executable_path/Frameworks";
				PRODUCT_BUNDLE_IDENTIFIER = com.iosdevstudio.Swoosh;
				PRODUCT_NAME = "$(TARGET_NAME)";
				SWIFT_VERSION = 4.0;
				TARGETED_DEVICE_FAMILY = "1,2";
			};
			name = Release;
		};
/* End XCBuildConfiguration section */

/* Begin XCConfigurationList section */
		F5F9D76F202FE2E30014479B /* Build configuration list for PBXProject "Swoosh" */ = {
			isa = XCConfigurationList;
			buildConfigurations = (
				F5F9D784202FE2E30014479B /* Debug */,
				F5F9D785202FE2E30014479B /* Release */,
			);
			defaultConfigurationIsVisible = 0;
			defaultConfigurationName = Release;
		};
		F5F9D786202FE2E30014479B /* Build configuration list for PBXNativeTarget "Swoosh" */ = {
			isa = XCConfigurationList;
			buildConfigurations = (
				F5F9D787202FE2E30014479B /* Debug */,
				F5F9D788202FE2E30014479B /* Release */,
			);
			defaultConfigurationIsVisible = 0;
			defaultConfigurationName = Release;
		};
/* End XCConfigurationList section */
	};
	rootObject = F5F9D76C202FE2E30014479B /* Project object */;
}
